// !$*UTF8*$!
{
	archiveVersion = 1;
	classes = {
	};
	objectVersion = 50;
	objects = {

/* Begin PBXBuildFile section */
		CD4BD03520FC4156009B522F /* ShaderKitExtensions.swift in Sources */ = {isa = PBXBuildFile; fileRef = CD4BD03420FC4156009B522F /* ShaderKitExtensions.swift */; };
		CD70439420FC274600A2128C /* smoke.png in Resources */ = {isa = PBXBuildFile; fileRef = CD70439220FC274600A2128C /* smoke.png */; };
		CD70439520FC274600A2128C /* Fog.scnp in Resources */ = {isa = PBXBuildFile; fileRef = CD70439320FC274600A2128C /* Fog.scnp */; };
		CDF9330C20FAB5DB005EC774 /* AppDelegate.swift in Sources */ = {isa = PBXBuildFile; fileRef = CDF9330B20FAB5DB005EC774 /* AppDelegate.swift */; };
		CDF9330E20FAB5DB005EC774 /* art.scnassets in Resources */ = {isa = PBXBuildFile; fileRef = CDF9330D20FAB5DB005EC774 /* art.scnassets */; };
		CDF9331020FAB5DB005EC774 /* ViewController.swift in Sources */ = {isa = PBXBuildFile; fileRef = CDF9330F20FAB5DB005EC774 /* ViewController.swift */; };
		CDF9331320FAB5DB005EC774 /* Main.storyboard in Resources */ = {isa = PBXBuildFile; fileRef = CDF9331120FAB5DB005EC774 /* Main.storyboard */; };
		CDF9331520FAB5DD005EC774 /* Assets.xcassets in Resources */ = {isa = PBXBuildFile; fileRef = CDF9331420FAB5DD005EC774 /* Assets.xcassets */; };
		CDF9331820FAB5DD005EC774 /* LaunchScreen.storyboard in Resources */ = {isa = PBXBuildFile; fileRef = CDF9331620FAB5DD005EC774 /* LaunchScreen.storyboard */; };
/* End PBXBuildFile section */

/* Begin PBXFileReference section */
		CD4BD01A20FC4156009B522F /* SHKCircleWaveRainbowBlended.fsh */ = {isa = PBXFileReference; lastKnownFileType = sourcecode.glsl; path = SHKCircleWaveRainbowBlended.fsh; sourceTree = "<group>"; };
		CD4BD01B20FC4156009B522F /* SHKInfrared.fsh */ = {isa = PBXFileReference; lastKnownFileType = sourcecode.glsl; path = SHKInfrared.fsh; sourceTree = "<group>"; };
		CD4BD01C20FC4156009B522F /* SHKWater.fsh */ = {isa = PBXFileReference; lastKnownFileType = sourcecode.glsl; path = SHKWater.fsh; sourceTree = "<group>"; };
		CD4BD01D20FC4156009B522F /* SHKStaticGrayNoise.fsh */ = {isa = PBXFileReference; lastKnownFileType = sourcecode.glsl; path = SHKStaticGrayNoise.fsh; sourceTree = "<group>"; };
		CD4BD01E20FC4156009B522F /* SHKCircleWave.fsh */ = {isa = PBXFileReference; lastKnownFileType = sourcecode.glsl; path = SHKCircleWave.fsh; sourceTree = "<group>"; };
		CD4BD01F20FC4156009B522F /* SHKColorInvert.fsh */ = {isa = PBXFileReference; lastKnownFileType = sourcecode.glsl; path = SHKColorInvert.fsh; sourceTree = "<group>"; };
		CD4BD02020FC4156009B522F /* SHKEmbossColor.fsh */ = {isa = PBXFileReference; lastKnownFileType = sourcecode.glsl; path = SHKEmbossColor.fsh; sourceTree = "<group>"; };
		CD4BD02120FC4156009B522F /* SHKRadialGradient.fsh */ = {isa = PBXFileReference; lastKnownFileType = sourcecode.glsl; path = SHKRadialGradient.fsh; sourceTree = "<group>"; };
		CD4BD02220FC4156009B522F /* SHKLightGrid.fsh */ = {isa = PBXFileReference; lastKnownFileType = sourcecode.glsl; path = SHKLightGrid.fsh; sourceTree = "<group>"; };
		CD4BD02320FC4156009B522F /* SHKLinearGradient.fsh */ = {isa = PBXFileReference; lastKnownFileType = sourcecode.glsl; path = SHKLinearGradient.fsh; sourceTree = "<group>"; };
		CD4BD02420FC4156009B522F /* SHKColorAlpha.fsh */ = {isa = PBXFileReference; lastKnownFileType = sourcecode.glsl; path = SHKColorAlpha.fsh; sourceTree = "<group>"; };
		CD4BD02520FC4156009B522F /* SHKCircleWaveBlended.fsh */ = {isa = PBXFileReference; lastKnownFileType = sourcecode.glsl; path = SHKCircleWaveBlended.fsh; sourceTree = "<group>"; };
		CD4BD02620FC4156009B522F /* SHKEmbossGray.fsh */ = {isa = PBXFileReference; lastKnownFileType = sourcecode.glsl; path = SHKEmbossGray.fsh; sourceTree = "<group>"; };
		CD4BD02720FC4156009B522F /* SHKInterlace.fsh */ = {isa = PBXFileReference; lastKnownFileType = sourcecode.glsl; path = SHKInterlace.fsh; sourceTree = "<group>"; };
		CD4BD02820FC4156009B522F /* SHKPixelate.fsh */ = {isa = PBXFileReference; lastKnownFileType = sourcecode.glsl; path = SHKPixelate.fsh; sourceTree = "<group>"; };
		CD4BD02920FC4156009B522F /* SHKStaticRainbowNoise.fsh */ = {isa = PBXFileReference; lastKnownFileType = sourcecode.glsl; path = SHKStaticRainbowNoise.fsh; sourceTree = "<group>"; };
		CD4BD02A20FC4156009B522F /* SHKColorize.fsh */ = {isa = PBXFileReference; lastKnownFileType = sourcecode.glsl; path = SHKColorize.fsh; sourceTree = "<group>"; };
		CD4BD02B20FC4156009B522F /* SHKPassthrough.fsh */ = {isa = PBXFileReference; lastKnownFileType = sourcecode.glsl; path = SHKPassthrough.fsh; sourceTree = "<group>"; };
		CD4BD02C20FC4156009B522F /* SHKDynamicGrayNoise.fsh */ = {isa = PBXFileReference; lastKnownFileType = sourcecode.glsl; path = SHKDynamicGrayNoise.fsh; sourceTree = "<group>"; };
		CD4BD02D20FC4156009B522F /* SHKCircleWaveRainbow.fsh */ = {isa = PBXFileReference; lastKnownFileType = sourcecode.glsl; path = SHKCircleWaveRainbow.fsh; sourceTree = "<group>"; };
		CD4BD02E20FC4156009B522F /* SHKScreen.fsh */ = {isa = PBXFileReference; lastKnownFileType = sourcecode.glsl; path = SHKScreen.fsh; sourceTree = "<group>"; };
		CD4BD02F20FC4156009B522F /* SHKDynamicRainbowNoise.fsh */ = {isa = PBXFileReference; lastKnownFileType = sourcecode.glsl; path = SHKDynamicRainbowNoise.fsh; sourceTree = "<group>"; };
		CD4BD03020FC4156009B522F /* SHKDesaturate.fsh */ = {isa = PBXFileReference; lastKnownFileType = sourcecode.glsl; path = SHKDesaturate.fsh; sourceTree = "<group>"; };
		CD4BD03120FC4156009B522F /* SHKColorNonAlpha.fsh */ = {isa = PBXFileReference; lastKnownFileType = sourcecode.glsl; path = SHKColorNonAlpha.fsh; sourceTree = "<group>"; };
		CD4BD03220FC4156009B522F /* SHKScanlines.fsh */ = {isa = PBXFileReference; lastKnownFileType = sourcecode.glsl; path = SHKScanlines.fsh; sourceTree = "<group>"; };
		CD4BD03320FC4156009B522F /* SHKCheckerboard.fsh */ = {isa = PBXFileReference; lastKnownFileType = sourcecode.glsl; path = SHKCheckerboard.fsh; sourceTree = "<group>"; };
		CD4BD03420FC4156009B522F /* ShaderKitExtensions.swift */ = {isa = PBXFileReference; lastKnownFileType = sourcecode.swift; path = ShaderKitExtensions.swift; sourceTree = "<group>"; };
		CD70439220FC274600A2128C /* smoke.png */ = {isa = PBXFileReference; lastKnownFileType = image.png; path = smoke.png; sourceTree = "<group>"; };
		CD70439320FC274600A2128C /* Fog.scnp */ = {isa = PBXFileReference; lastKnownFileType = file.scp; path = Fog.scnp; sourceTree = "<group>"; };
		CDF9330820FAB5DB005EC774 /* WeWork-Stickers.app */ = {isa = PBXFileReference; explicitFileType = wrapper.application; includeInIndex = 0; path = "WeWork-Stickers.app"; sourceTree = BUILT_PRODUCTS_DIR; };
		CDF9330B20FAB5DB005EC774 /* AppDelegate.swift */ = {isa = PBXFileReference; lastKnownFileType = sourcecode.swift; path = AppDelegate.swift; sourceTree = "<group>"; };
		CDF9330D20FAB5DB005EC774 /* art.scnassets */ = {isa = PBXFileReference; lastKnownFileType = wrapper.scnassets; path = art.scnassets; sourceTree = "<group>"; };
		CDF9330F20FAB5DB005EC774 /* ViewController.swift */ = {isa = PBXFileReference; lastKnownFileType = sourcecode.swift; path = ViewController.swift; sourceTree = "<group>"; };
		CDF9331220FAB5DB005EC774 /* Base */ = {isa = PBXFileReference; lastKnownFileType = file.storyboard; name = Base; path = Base.lproj/Main.storyboard; sourceTree = "<group>"; };
		CDF9331420FAB5DD005EC774 /* Assets.xcassets */ = {isa = PBXFileReference; lastKnownFileType = folder.assetcatalog; path = Assets.xcassets; sourceTree = "<group>"; };
		CDF9331720FAB5DD005EC774 /* Base */ = {isa = PBXFileReference; lastKnownFileType = file.storyboard; name = Base; path = Base.lproj/LaunchScreen.storyboard; sourceTree = "<group>"; };
		CDF9331920FAB5DD005EC774 /* Info.plist */ = {isa = PBXFileReference; lastKnownFileType = text.plist.xml; path = Info.plist; sourceTree = "<group>"; };
/* End PBXFileReference section */

/* Begin PBXFrameworksBuildPhase section */
		CDF9330520FAB5DB005EC774 /* Frameworks */ = {
			isa = PBXFrameworksBuildPhase;
			buildActionMask = 2147483647;
			files = (
			);
			runOnlyForDeploymentPostprocessing = 0;
		};
/* End PBXFrameworksBuildPhase section */

/* Begin PBXGroup section */
		CD4BD01920FC4156009B522F /* Shaders */ = {
			isa = PBXGroup;
			children = (
				CD4BD01A20FC4156009B522F /* SHKCircleWaveRainbowBlended.fsh */,
				CD4BD01B20FC4156009B522F /* SHKInfrared.fsh */,
				CD4BD01C20FC4156009B522F /* SHKWater.fsh */,
				CD4BD01D20FC4156009B522F /* SHKStaticGrayNoise.fsh */,
				CD4BD01E20FC4156009B522F /* SHKCircleWave.fsh */,
				CD4BD01F20FC4156009B522F /* SHKColorInvert.fsh */,
				CD4BD02020FC4156009B522F /* SHKEmbossColor.fsh */,
				CD4BD02120FC4156009B522F /* SHKRadialGradient.fsh */,
				CD4BD02220FC4156009B522F /* SHKLightGrid.fsh */,
				CD4BD02320FC4156009B522F /* SHKLinearGradient.fsh */,
				CD4BD02420FC4156009B522F /* SHKColorAlpha.fsh */,
				CD4BD02520FC4156009B522F /* SHKCircleWaveBlended.fsh */,
				CD4BD02620FC4156009B522F /* SHKEmbossGray.fsh */,
				CD4BD02720FC4156009B522F /* SHKInterlace.fsh */,
				CD4BD02820FC4156009B522F /* SHKPixelate.fsh */,
				CD4BD02920FC4156009B522F /* SHKStaticRainbowNoise.fsh */,
				CD4BD02A20FC4156009B522F /* SHKColorize.fsh */,
				CD4BD02B20FC4156009B522F /* SHKPassthrough.fsh */,
				CD4BD02C20FC4156009B522F /* SHKDynamicGrayNoise.fsh */,
				CD4BD02D20FC4156009B522F /* SHKCircleWaveRainbow.fsh */,
				CD4BD02E20FC4156009B522F /* SHKScreen.fsh */,
				CD4BD02F20FC4156009B522F /* SHKDynamicRainbowNoise.fsh */,
				CD4BD03020FC4156009B522F /* SHKDesaturate.fsh */,
				CD4BD03120FC4156009B522F /* SHKColorNonAlpha.fsh */,
				CD4BD03220FC4156009B522F /* SHKScanlines.fsh */,
				CD4BD03320FC4156009B522F /* SHKCheckerboard.fsh */,
			);
			path = Shaders;
			sourceTree = "<group>";
		};
		CDF932FF20FAB5DB005EC774 = {
			isa = PBXGroup;
			children = (
				CDF9330A20FAB5DB005EC774 /* WeWork-Stickers */,
				CDF9330920FAB5DB005EC774 /* Products */,
			);
			sourceTree = "<group>";
		};
		CDF9330920FAB5DB005EC774 /* Products */ = {
			isa = PBXGroup;
			children = (
				CDF9330820FAB5DB005EC774 /* WeWork-Stickers.app */,
			);
			name = Products;
			sourceTree = "<group>";
		};
		CDF9330A20FAB5DB005EC774 /* WeWork-Stickers */ = {
			isa = PBXGroup;
			children = (
				CDF9330B20FAB5DB005EC774 /* AppDelegate.swift */,
				CD70439220FC274600A2128C /* smoke.png */,
				CD70439320FC274600A2128C /* Fog.scnp */,
				CDF9330D20FAB5DB005EC774 /* art.scnassets */,
				CDF9330F20FAB5DB005EC774 /* ViewController.swift */,
				CD4BD03420FC4156009B522F /* ShaderKitExtensions.swift */,
				CD4BD01920FC4156009B522F /* Shaders */,
				CDF9331120FAB5DB005EC774 /* Main.storyboard */,
				CDF9331420FAB5DD005EC774 /* Assets.xcassets */,
				CDF9331620FAB5DD005EC774 /* LaunchScreen.storyboard */,
				CDF9331920FAB5DD005EC774 /* Info.plist */,
			);
			path = "WeWork-Stickers";
			sourceTree = "<group>";
		};
/* End PBXGroup section */

/* Begin PBXNativeTarget section */
		CDF9330720FAB5DB005EC774 /* WeWork-Stickers */ = {
			isa = PBXNativeTarget;
			buildConfigurationList = CDF9331C20FAB5DD005EC774 /* Build configuration list for PBXNativeTarget "WeWork-Stickers" */;
			buildPhases = (
				CDF9330420FAB5DB005EC774 /* Sources */,
				CDF9330520FAB5DB005EC774 /* Frameworks */,
				CDF9330620FAB5DB005EC774 /* Resources */,
			);
			buildRules = (
			);
			dependencies = (
			);
			name = "WeWork-Stickers";
			productName = "WeWork-Stickers";
			productReference = CDF9330820FAB5DB005EC774 /* WeWork-Stickers.app */;
			productType = "com.apple.product-type.application";
		};
/* End PBXNativeTarget section */

/* Begin PBXProject section */
		CDF9330020FAB5DB005EC774 /* Project object */ = {
			isa = PBXProject;
			attributes = {
				LastSwiftUpdateCheck = 1000;
				LastUpgradeCheck = 1000;
				ORGANIZATIONNAME = "B Gay";
				TargetAttributes = {
					CDF9330720FAB5DB005EC774 = {
						CreatedOnToolsVersion = 10.0;
					};
				};
			};
			buildConfigurationList = CDF9330320FAB5DB005EC774 /* Build configuration list for PBXProject "WeWork-Stickers" */;
			compatibilityVersion = "Xcode 9.3";
			developmentRegion = en;
			hasScannedForEncodings = 0;
			knownRegions = (
				en,
				Base,
			);
			mainGroup = CDF932FF20FAB5DB005EC774;
			productRefGroup = CDF9330920FAB5DB005EC774 /* Products */;
			projectDirPath = "";
			projectRoot = "";
			targets = (
				CDF9330720FAB5DB005EC774 /* WeWork-Stickers */,
			);
		};
/* End PBXProject section */

/* Begin PBXResourcesBuildPhase section */
		CDF9330620FAB5DB005EC774 /* Resources */ = {
			isa = PBXResourcesBuildPhase;
			buildActionMask = 2147483647;
			files = (
				CDF9330E20FAB5DB005EC774 /* art.scnassets in Resources */,
				CDF9331820FAB5DD005EC774 /* LaunchScreen.storyboard in Resources */,
				CD70439420FC274600A2128C /* smoke.png in Resources */,
				CDF9331520FAB5DD005EC774 /* Assets.xcassets in Resources */,
				CD70439520FC274600A2128C /* Fog.scnp in Resources */,
				CDF9331320FAB5DB005EC774 /* Main.storyboard in Resources */,
			);
			runOnlyForDeploymentPostprocessing = 0;
		};
/* End PBXResourcesBuildPhase section */

/* Begin PBXSourcesBuildPhase section */
		CDF9330420FAB5DB005EC774 /* Sources */ = {
			isa = PBXSourcesBuildPhase;
			buildActionMask = 2147483647;
			files = (
				CD4BD03520FC4156009B522F /* ShaderKitExtensions.swift in Sources */,
				CDF9331020FAB5DB005EC774 /* ViewController.swift in Sources */,
				CDF9330C20FAB5DB005EC774 /* AppDelegate.swift in Sources */,
			);
			runOnlyForDeploymentPostprocessing = 0;
		};
/* End PBXSourcesBuildPhase section */

/* Begin PBXVariantGroup section */
		CDF9331120FAB5DB005EC774 /* Main.storyboard */ = {
			isa = PBXVariantGroup;
			children = (
				CDF9331220FAB5DB005EC774 /* Base */,
			);
			name = Main.storyboard;
			sourceTree = "<group>";
		};
		CDF9331620FAB5DD005EC774 /* LaunchScreen.storyboard */ = {
			isa = PBXVariantGroup;
			children = (
				CDF9331720FAB5DD005EC774 /* Base */,
			);
			name = LaunchScreen.storyboard;
			sourceTree = "<group>";
		};
/* End PBXVariantGroup section */

/* Begin XCBuildConfiguration section */
		CDF9331A20FAB5DD005EC774 /* Debug */ = {
			isa = XCBuildConfiguration;
			buildSettings = {
				ALWAYS_SEARCH_USER_PATHS = NO;
				CLANG_ANALYZER_NONNULL = YES;
				CLANG_ANALYZER_NUMBER_OBJECT_CONVERSION = YES_AGGRESSIVE;
				CLANG_CXX_LANGUAGE_STANDARD = "gnu++14";
				CLANG_CXX_LIBRARY = "libc++";
				CLANG_ENABLE_MODULES = YES;
				CLANG_ENABLE_OBJC_ARC = YES;
				CLANG_ENABLE_OBJC_WEAK = YES;
				CLANG_WARN_BLOCK_CAPTURE_AUTORELEASING = YES;
				CLANG_WARN_BOOL_CONVERSION = YES;
				CLANG_WARN_COMMA = YES;
				CLANG_WARN_CONSTANT_CONVERSION = YES;
				CLANG_WARN_DEPRECATED_OBJC_IMPLEMENTATIONS = YES;
				CLANG_WARN_DIRECT_OBJC_ISA_USAGE = YES_ERROR;
				CLANG_WARN_DOCUMENTATION_COMMENTS = YES;
				CLANG_WARN_EMPTY_BODY = YES;
				CLANG_WARN_ENUM_CONVERSION = YES;
				CLANG_WARN_INFINITE_RECURSION = YES;
				CLANG_WARN_INT_CONVERSION = YES;
				CLANG_WARN_NON_LITERAL_NULL_CONVERSION = YES;
				CLANG_WARN_OBJC_IMPLICIT_RETAIN_SELF = YES;
				CLANG_WARN_OBJC_LITERAL_CONVERSION = YES;
				CLANG_WARN_OBJC_ROOT_CLASS = YES_ERROR;
				CLANG_WARN_RANGE_LOOP_ANALYSIS = YES;
				CLANG_WARN_STRICT_PROTOTYPES = YES;
				CLANG_WARN_SUSPICIOUS_MOVE = YES;
				CLANG_WARN_UNGUARDED_AVAILABILITY = YES_AGGRESSIVE;
				CLANG_WARN_UNREACHABLE_CODE = YES;
				CLANG_WARN__DUPLICATE_METHOD_MATCH = YES;
				CODE_SIGN_IDENTITY = "iPhone Developer";
				COPY_PHASE_STRIP = NO;
				DEBUG_INFORMATION_FORMAT = dwarf;
				ENABLE_STRICT_OBJC_MSGSEND = YES;
				ENABLE_TESTABILITY = YES;
				GCC_C_LANGUAGE_STANDARD = gnu11;
				GCC_DYNAMIC_NO_PIC = NO;
				GCC_NO_COMMON_BLOCKS = YES;
				GCC_OPTIMIZATION_LEVEL = 0;
				GCC_PREPROCESSOR_DEFINITIONS = (
					"DEBUG=1",
					"$(inherited)",
				);
				GCC_WARN_64_TO_32_BIT_CONVERSION = YES;
				GCC_WARN_ABOUT_RETURN_TYPE = YES_ERROR;
				GCC_WARN_UNDECLARED_SELECTOR = YES;
				GCC_WARN_UNINITIALIZED_AUTOS = YES_AGGRESSIVE;
				GCC_WARN_UNUSED_FUNCTION = YES;
				GCC_WARN_UNUSED_VARIABLE = YES;
				IPHONEOS_DEPLOYMENT_TARGET = 12.0;
				MTL_ENABLE_DEBUG_INFO = INCLUDE_SOURCE;
				MTL_FAST_MATH = YES;
				ONLY_ACTIVE_ARCH = YES;
				SDKROOT = iphoneos;
				SWIFT_ACTIVE_COMPILATION_CONDITIONS = DEBUG;
				SWIFT_OPTIMIZATION_LEVEL = "-Onone";
			};
			name = Debug;
		};
		CDF9331B20FAB5DD005EC774 /* Release */ = {
			isa = XCBuildConfiguration;
			buildSettings = {
				ALWAYS_SEARCH_USER_PATHS = NO;
				CLANG_ANALYZER_NONNULL = YES;
				CLANG_ANALYZER_NUMBER_OBJECT_CONVERSION = YES_AGGRESSIVE;
				CLANG_CXX_LANGUAGE_STANDARD = "gnu++14";
				CLANG_CXX_LIBRARY = "libc++";
				CLANG_ENABLE_MODULES = YES;
				CLANG_ENABLE_OBJC_ARC = YES;
				CLANG_ENABLE_OBJC_WEAK = YES;
				CLANG_WARN_BLOCK_CAPTURE_AUTORELEASING = YES;
				CLANG_WARN_BOOL_CONVERSION = YES;
				CLANG_WARN_COMMA = YES;
				CLANG_WARN_CONSTANT_CONVERSION = YES;
				CLANG_WARN_DEPRECATED_OBJC_IMPLEMENTATIONS = YES;
				CLANG_WARN_DIRECT_OBJC_ISA_USAGE = YES_ERROR;
				CLANG_WARN_DOCUMENTATION_COMMENTS = YES;
				CLANG_WARN_EMPTY_BODY = YES;
				CLANG_WARN_ENUM_CONVERSION = YES;
				CLANG_WARN_INFINITE_RECURSION = YES;
				CLANG_WARN_INT_CONVERSION = YES;
				CLANG_WARN_NON_LITERAL_NULL_CONVERSION = YES;
				CLANG_WARN_OBJC_IMPLICIT_RETAIN_SELF = YES;
				CLANG_WARN_OBJC_LITERAL_CONVERSION = YES;
				CLANG_WARN_OBJC_ROOT_CLASS = YES_ERROR;
				CLANG_WARN_RANGE_LOOP_ANALYSIS = YES;
				CLANG_WARN_STRICT_PROTOTYPES = YES;
				CLANG_WARN_SUSPICIOUS_MOVE = YES;
				CLANG_WARN_UNGUARDED_AVAILABILITY = YES_AGGRESSIVE;
				CLANG_WARN_UNREACHABLE_CODE = YES;
				CLANG_WARN__DUPLICATE_METHOD_MATCH = YES;
				CODE_SIGN_IDENTITY = "iPhone Developer";
				COPY_PHASE_STRIP = NO;
				DEBUG_INFORMATION_FORMAT = "dwarf-with-dsym";
				ENABLE_NS_ASSERTIONS = NO;
				ENABLE_STRICT_OBJC_MSGSEND = YES;
				GCC_C_LANGUAGE_STANDARD = gnu11;
				GCC_NO_COMMON_BLOCKS = YES;
				GCC_WARN_64_TO_32_BIT_CONVERSION = YES;
				GCC_WARN_ABOUT_RETURN_TYPE = YES_ERROR;
				GCC_WARN_UNDECLARED_SELECTOR = YES;
				GCC_WARN_UNINITIALIZED_AUTOS = YES_AGGRESSIVE;
				GCC_WARN_UNUSED_FUNCTION = YES;
				GCC_WARN_UNUSED_VARIABLE = YES;
				IPHONEOS_DEPLOYMENT_TARGET = 12.0;
				MTL_ENABLE_DEBUG_INFO = NO;
				MTL_FAST_MATH = YES;
				SDKROOT = iphoneos;
				SWIFT_COMPILATION_MODE = wholemodule;
				SWIFT_OPTIMIZATION_LEVEL = "-O";
				VALIDATE_PRODUCT = YES;
			};
			name = Release;
		};
		CDF9331D20FAB5DD005EC774 /* Debug */ = {
			isa = XCBuildConfiguration;
			buildSettings = {
				ASSETCATALOG_COMPILER_APPICON_NAME = AppIcon;
				CODE_SIGN_STYLE = Automatic;
				DEVELOPMENT_TEAM = 8DDUQH2RUD;
				INFOPLIST_FILE = "WeWork-Stickers/Info.plist";
				LD_RUNPATH_SEARCH_PATHS = (
					"$(inherited)",
					"@executable_path/Frameworks",
				);
				PRODUCT_BUNDLE_IDENTIFIER = "com.bradgayman.WeWork-Stickers";
				PRODUCT_NAME = "$(TARGET_NAME)";
				SWIFT_VERSION = 4.2;
				TARGETED_DEVICE_FAMILY = "1,2";
			};
			name = Debug;
		};
		CDF9331E20FAB5DD005EC774 /* Release */ = {
			isa = XCBuildConfiguration;
			buildSettings = {
				ASSETCATALOG_COMPILER_APPICON_NAME = AppIcon;
				CODE_SIGN_STYLE = Automatic;
				DEVELOPMENT_TEAM = 8DDUQH2RUD;
				INFOPLIST_FILE = "WeWork-Stickers/Info.plist";
				LD_RUNPATH_SEARCH_PATHS = (
					"$(inherited)",
					"@executable_path/Frameworks",
				);
				PRODUCT_BUNDLE_IDENTIFIER = "com.bradgayman.WeWork-Stickers";
				PRODUCT_NAME = "$(TARGET_NAME)";
				SWIFT_VERSION = 4.2;
				TARGETED_DEVICE_FAMILY = "1,2";
			};
			name = Release;
		};
/* End XCBuildConfiguration section */

/* Begin XCConfigurationList section */
		CDF9330320FAB5DB005EC774 /* Build configuration list for PBXProject "WeWork-Stickers" */ = {
			isa = XCConfigurationList;
			buildConfigurations = (
				CDF9331A20FAB5DD005EC774 /* Debug */,
				CDF9331B20FAB5DD005EC774 /* Release */,
			);
			defaultConfigurationIsVisible = 0;
			defaultConfigurationName = Release;
		};
		CDF9331C20FAB5DD005EC774 /* Build configuration list for PBXNativeTarget "WeWork-Stickers" */ = {
			isa = XCConfigurationList;
			buildConfigurations = (
				CDF9331D20FAB5DD005EC774 /* Debug */,
				CDF9331E20FAB5DD005EC774 /* Release */,
			);
			defaultConfigurationIsVisible = 0;
			defaultConfigurationName = Release;
		};
/* End XCConfigurationList section */
	};
	rootObject = CDF9330020FAB5DB005EC774 /* Project object */;
}
